
Microsoft Visual Studio Solution File, Format Version 12.00
# Visual Studio 14
VisualStudioVersion = 14.0.25420.1
MinimumVisualStudioVersion = 10.0.40219.1
Project("{FAE04EC0-301F-11D3-BF4B-00C04F79EFBC}") = "Demo", "Demo\Demo.csproj", "{D6992F35-A586-43D5-B684-88509D5ECADD}"
EndProject
Project("{FAE04EC0-301F-11D3-BF4B-00C04F79EFBC}") = "DemoClient", "..\DemoClient\DemoClient.csproj", "{8F61B06A-91DD-42FF-8350-21E72D801987}"
EndProject
Project("{FAE04EC0-301F-11D3-BF4B-00C04F79EFBC}") = "Services", "Services\Services.csproj", "{3433B34B-F981-4F7C-B218-3C40E7B73635}"
EndProject
Global
	GlobalSection(SolutionConfigurationPlatforms) = preSolution
		Debug|Any CPU = Debug|Any CPU
		Release|Any CPU = Release|Any CPU
	EndGlobalSection
	GlobalSection(ProjectConfigurationPlatforms) = postSolution
		{D6992F35-A586-43D5-B684-88509D5ECADD}.Debug|Any CPU.ActiveCfg = Debug|Any CPU
		{D6992F35-A586-43D5-B684-88509D5ECADD}.Debug|Any CPU.Build.0 = Debug|Any CPU
		{D6992F35-A586-43D5-B684-88509D5ECADD}.Release|Any CPU.ActiveCfg = Release|Any CPU
		{D6992F35-A586-43D5-B684-88509D5ECADD}.Release|Any CPU.Build.0 = Release|Any CPU
		{8F61B06A-91DD-42FF-8350-21E72D801987}.Debug|Any CPU.ActiveCfg = Debug|Any CPU
		{8F61B06A-91DD-42FF-8350-21E72D801987}.Debug|Any CPU.Build.0 = Debug|Any CPU
		{8F61B06A-91DD-42FF-8350-21E72D801987}.Release|Any CPU.ActiveCfg = Release|Any CPU
		{8F61B06A-91DD-42FF-8350-21E72D801987}.Release|Any CPU.Build.0 = Release|Any CPU
		{3433B34B-F981-4F7C-B218-3C40E7B73635}.Debug|Any CPU.ActiveCfg = Debug|Any CPU
		{3433B34B-F981-4F7C-B218-3C40E7B73635}.Debug|Any CPU.Build.0 = Debug|Any CPU
		{3433B34B-F981-4F7C-B218-3C40E7B73635}.Release|Any CPU.ActiveCfg = Release|Any CPU
		{3433B34B-F981-4F7C-B218-3C40E7B73635}.Release|Any CPU.Build.0 = Release|Any CPU
	EndGlobalSection
	GlobalSection(SolutionProperties) = preSolution
		HideSolutionNode = FALSE
	EndGlobalSection
EndGlobal
